
Microsoft Visual Studio Solution File, Format Version 12.00
# Visual Studio Version 16
VisualStudioVersion = 16.0.29728.190
MinimumVisualStudioVersion = 10.0.40219.1
Project("{FAE04EC0-301F-11D3-BF4B-00C04F79EFBC}") = "tour_1", "tour_1\tour_1.csproj", "{3634028F-5258-46CA-BE6A-2F896FD9665D}"
EndProject
Global
	GlobalSection(SolutionConfigurationPlatforms) = preSolution
		Debug|Any CPU = Debug|Any CPU
		Release|Any CPU = Release|Any CPU
	EndGlobalSection
	GlobalSection(ProjectConfigurationPlatforms) = postSolution
		{3634028F-5258-46CA-BE6A-2F896FD9665D}.Debug|Any CPU.ActiveCfg = Debug|Any CPU
		{3634028F-5258-46CA-BE6A-2F896FD9665D}.Debug|Any CPU.Build.0 = Debug|Any CPU
		{3634028F-5258-46CA-BE6A-2F896FD9665D}.Release|Any CPU.ActiveCfg = Release|Any CPU
		{3634028F-5258-46CA-BE6A-2F896FD9665D}.Release|Any CPU.Build.0 = Release|Any CPU
	EndGlobalSection
	GlobalSection(SolutionProperties) = preSolution
		HideSolutionNode = FALSE
	EndGlobalSection
	GlobalSection(ExtensibilityGlobals) = postSolution
		SolutionGuid = {EF546AB5-7FB7-4C45-8318-E25F9325D84A}
	EndGlobalSection
EndGlobal
